
Microsoft Visual Studio Solution File, Format Version 12.00
# Visual Studio Version 17
VisualStudioVersion = 17.7.34031.279
MinimumVisualStudioVersion = 10.0.40219.1
Project("{FAE04EC0-301F-11D3-BF4B-00C04F79EFBC}") = "SnakeGame", "SnakeGame.csproj", "{D50D0DC3-7E0F-4007-9BF5-42A843ECD02A}"
EndProject
Global
	GlobalSection(SolutionConfigurationPlatforms) = preSolution
		Debug|Any CPU = Debug|Any CPU
		Release|Any CPU = Release|Any CPU
	EndGlobalSection
	GlobalSection(ProjectConfigurationPlatforms) = postSolution
		{D50D0DC3-7E0F-4007-9BF5-42A843ECD02A}.Debug|Any CPU.ActiveCfg = Debug|Any CPU
		{D50D0DC3-7E0F-4007-9BF5-42A843ECD02A}.Debug|Any CPU.Build.0 = Debug|Any CPU
		{D50D0DC3-7E0F-4007-9BF5-42A843ECD02A}.Release|Any CPU.ActiveCfg = Release|Any CPU
		{D50D0DC3-7E0F-4007-9BF5-42A843ECD02A}.Release|Any CPU.Build.0 = Release|Any CPU
	EndGlobalSection
	GlobalSection(SolutionProperties) = preSolution
		HideSolutionNode = FALSE
	EndGlobalSection
	GlobalSection(ExtensibilityGlobals) = postSolution
		SolutionGuid = {171F51F1-C0F1-43E6-9357-CD7AEE8C9299}
	EndGlobalSection
EndGlobal
